// !$*UTF8*$!
{
	archiveVersion = 1;
	classes = {
	};
	objectVersion = 50;
	objects = {

/* Begin PBXBuildFile section */
		187D29622403CE550039C63D /* Image+CoreDataClass.swift in Sources */ = {isa = PBXBuildFile; fileRef = 187D295E2403CE550039C63D /* Image+CoreDataClass.swift */; };
		187D29632403CE550039C63D /* Image+CoreDataProperties.swift in Sources */ = {isa = PBXBuildFile; fileRef = 187D295F2403CE550039C63D /* Image+CoreDataProperties.swift */; };
		187D29642403CE550039C63D /* List+CoreDataClass.swift in Sources */ = {isa = PBXBuildFile; fileRef = 187D29602403CE550039C63D /* List+CoreDataClass.swift */; };
		187D29652403CE550039C63D /* List+CoreDataProperties.swift in Sources */ = {isa = PBXBuildFile; fileRef = 187D29612403CE550039C63D /* List+CoreDataProperties.swift */; };
		187D296B2403D5590039C63D /* CommonUtilities.swift in Sources */ = {isa = PBXBuildFile; fileRef = 187D296A2403D5590039C63D /* CommonUtilities.swift */; };
		187D296D2403D5ED0039C63D /* Logger.swift in Sources */ = {isa = PBXBuildFile; fileRef = 187D296C2403D5EC0039C63D /* Logger.swift */; };
		187D296F2403E3770039C63D /* UICollectionViewExtension.swift in Sources */ = {isa = PBXBuildFile; fileRef = 187D296E2403E3760039C63D /* UICollectionViewExtension.swift */; };
		187D29732403EFE60039C63D /* NameCollectionViewCell.swift in Sources */ = {isa = PBXBuildFile; fileRef = 187D29722403EFE60039C63D /* NameCollectionViewCell.swift */; };
		187D29752403FBE40039C63D /* UIView+Extension.swift in Sources */ = {isa = PBXBuildFile; fileRef = 187D29742403FBE40039C63D /* UIView+Extension.swift */; };
		187D29772403FF420039C63D /* String+Extension.swift in Sources */ = {isa = PBXBuildFile; fileRef = 187D29762403FF420039C63D /* String+Extension.swift */; };
		18AC69D9240504C9009C365E /* PhoneContact.swift in Sources */ = {isa = PBXBuildFile; fileRef = 18AC69D8240504C9009C365E /* PhoneContact.swift */; };
		18AC69DB24050735009C365E /* ContactTableViewCell.swift in Sources */ = {isa = PBXBuildFile; fileRef = 18AC69DA24050735009C365E /* ContactTableViewCell.swift */; };
		18BAE7A52403B469008A3769 /* AppDelegate.swift in Sources */ = {isa = PBXBuildFile; fileRef = 18BAE7A42403B469008A3769 /* AppDelegate.swift */; };
		18BAE7A72403B469008A3769 /* SceneDelegate.swift in Sources */ = {isa = PBXBuildFile; fileRef = 18BAE7A62403B469008A3769 /* SceneDelegate.swift */; };
		18BAE7A92403B469008A3769 /* ViewController.swift in Sources */ = {isa = PBXBuildFile; fileRef = 18BAE7A82403B469008A3769 /* ViewController.swift */; };
		18BAE7AC2403B469008A3769 /* Main.storyboard in Resources */ = {isa = PBXBuildFile; fileRef = 18BAE7AA2403B469008A3769 /* Main.storyboard */; };
		18BAE7AF2403B469008A3769 /* PhotoCollection.xcdatamodeld in Sources */ = {isa = PBXBuildFile; fileRef = 18BAE7AD2403B469008A3769 /* PhotoCollection.xcdatamodeld */; };
		18BAE7B12403B46C008A3769 /* Assets.xcassets in Resources */ = {isa = PBXBuildFile; fileRef = 18BAE7B02403B46C008A3769 /* Assets.xcassets */; };
		18BAE7B42403B46C008A3769 /* LaunchScreen.storyboard in Resources */ = {isa = PBXBuildFile; fileRef = 18BAE7B22403B46C008A3769 /* LaunchScreen.storyboard */; };
		18BAE7C42403B673008A3769 /* CoreDataManager.swift in Sources */ = {isa = PBXBuildFile; fileRef = 18BAE7C32403B673008A3769 /* CoreDataManager.swift */; };
/* End PBXBuildFile section */

/* Begin PBXFileReference section */
		187D295E2403CE550039C63D /* Image+CoreDataClass.swift */ = {isa = PBXFileReference; lastKnownFileType = sourcecode.swift; path = "Image+CoreDataClass.swift"; sourceTree = "<group>"; };
		187D295F2403CE550039C63D /* Image+CoreDataProperties.swift */ = {isa = PBXFileReference; lastKnownFileType = sourcecode.swift; path = "Image+CoreDataProperties.swift"; sourceTree = "<group>"; };
		187D29602403CE550039C63D /* List+CoreDataClass.swift */ = {isa = PBXFileReference; lastKnownFileType = sourcecode.swift; path = "List+CoreDataClass.swift"; sourceTree = "<group>"; };
		187D29612403CE550039C63D /* List+CoreDataProperties.swift */ = {isa = PBXFileReference; lastKnownFileType = sourcecode.swift; path = "List+CoreDataProperties.swift"; sourceTree = "<group>"; };
		187D296A2403D5590039C63D /* CommonUtilities.swift */ = {isa = PBXFileReference; fileEncoding = 4; lastKnownFileType = sourcecode.swift; path = CommonUtilities.swift; sourceTree = "<group>"; };
		187D296C2403D5EC0039C63D /* Logger.swift */ = {isa = PBXFileReference; fileEncoding = 4; lastKnownFileType = sourcecode.swift; path = Logger.swift; sourceTree = "<group>"; };
		187D296E2403E3760039C63D /* UICollectionViewExtension.swift */ = {isa = PBXFileReference; fileEncoding = 4; lastKnownFileType = sourcecode.swift; path = UICollectionViewExtension.swift; sourceTree = "<group>"; };
		187D29722403EFE60039C63D /* NameCollectionViewCell.swift */ = {isa = PBXFileReference; lastKnownFileType = sourcecode.swift; path = NameCollectionViewCell.swift; sourceTree = "<group>"; };
		187D29742403FBE40039C63D /* UIView+Extension.swift */ = {isa = PBXFileReference; fileEncoding = 4; lastKnownFileType = sourcecode.swift; path = "UIView+Extension.swift"; sourceTree = "<group>"; };
		187D29762403FF420039C63D /* String+Extension.swift */ = {isa = PBXFileReference; fileEncoding = 4; lastKnownFileType = sourcecode.swift; path = "String+Extension.swift"; sourceTree = "<group>"; };
		18AC69D8240504C9009C365E /* PhoneContact.swift */ = {isa = PBXFileReference; lastKnownFileType = sourcecode.swift; path = PhoneContact.swift; sourceTree = "<group>"; };
		18AC69DA24050735009C365E /* ContactTableViewCell.swift */ = {isa = PBXFileReference; lastKnownFileType = sourcecode.swift; path = ContactTableViewCell.swift; sourceTree = "<group>"; };
		18BAE7A12403B469008A3769 /* PhotoCollection.app */ = {isa = PBXFileReference; explicitFileType = wrapper.application; includeInIndex = 0; path = PhotoCollection.app; sourceTree = BUILT_PRODUCTS_DIR; };
		18BAE7A42403B469008A3769 /* AppDelegate.swift */ = {isa = PBXFileReference; lastKnownFileType = sourcecode.swift; path = AppDelegate.swift; sourceTree = "<group>"; };
		18BAE7A62403B469008A3769 /* SceneDelegate.swift */ = {isa = PBXFileReference; lastKnownFileType = sourcecode.swift; path = SceneDelegate.swift; sourceTree = "<group>"; };
		18BAE7A82403B469008A3769 /* ViewController.swift */ = {isa = PBXFileReference; lastKnownFileType = sourcecode.swift; path = ViewController.swift; sourceTree = "<group>"; };
		18BAE7AB2403B469008A3769 /* Base */ = {isa = PBXFileReference; lastKnownFileType = file.storyboard; name = Base; path = Base.lproj/Main.storyboard; sourceTree = "<group>"; };
		18BAE7AE2403B469008A3769 /* PhotoCollection.xcdatamodel */ = {isa = PBXFileReference; lastKnownFileType = wrapper.xcdatamodel; path = PhotoCollection.xcdatamodel; sourceTree = "<group>"; };
		18BAE7B02403B46C008A3769 /* Assets.xcassets */ = {isa = PBXFileReference; lastKnownFileType = folder.assetcatalog; path = Assets.xcassets; sourceTree = "<group>"; };
		18BAE7B32403B46C008A3769 /* Base */ = {isa = PBXFileReference; lastKnownFileType = file.storyboard; name = Base; path = Base.lproj/LaunchScreen.storyboard; sourceTree = "<group>"; };
		18BAE7B52403B46C008A3769 /* Info.plist */ = {isa = PBXFileReference; lastKnownFileType = text.plist.xml; path = Info.plist; sourceTree = "<group>"; };
		18BAE7C32403B673008A3769 /* CoreDataManager.swift */ = {isa = PBXFileReference; fileEncoding = 4; lastKnownFileType = sourcecode.swift; path = CoreDataManager.swift; sourceTree = "<group>"; };
/* End PBXFileReference section */

/* Begin PBXFrameworksBuildPhase section */
		18BAE79E2403B469008A3769 /* Frameworks */ = {
			isa = PBXFrameworksBuildPhase;
			buildActionMask = 2147483647;
			files = (
			);
			runOnlyForDeploymentPostprocessing = 0;
		};
/* End PBXFrameworksBuildPhase section */

/* Begin PBXGroup section */
		18BAE7982403B469008A3769 = {
			isa = PBXGroup;
			children = (
				18AC69D8240504C9009C365E /* PhoneContact.swift */,
				187D295E2403CE550039C63D /* Image+CoreDataClass.swift */,
				187D295F2403CE550039C63D /* Image+CoreDataProperties.swift */,
				187D29602403CE550039C63D /* List+CoreDataClass.swift */,
				187D29612403CE550039C63D /* List+CoreDataProperties.swift */,
				18BAE7A32403B469008A3769 /* PhotoCollection */,
				18BAE7A22403B469008A3769 /* Products */,
				187D296E2403E3760039C63D /* UICollectionViewExtension.swift */,
			);
			sourceTree = "<group>";
		};
		18BAE7A22403B469008A3769 /* Products */ = {
			isa = PBXGroup;
			children = (
				18BAE7A12403B469008A3769 /* PhotoCollection.app */,
			);
			name = Products;
			sourceTree = "<group>";
		};
		18BAE7A32403B469008A3769 /* PhotoCollection */ = {
			isa = PBXGroup;
			children = (
				18BAE7A42403B469008A3769 /* AppDelegate.swift */,
				18BAE7A62403B469008A3769 /* SceneDelegate.swift */,
				18BAE7A82403B469008A3769 /* ViewController.swift */,
				18BAE7AA2403B469008A3769 /* Main.storyboard */,
				18BAE7B02403B46C008A3769 /* Assets.xcassets */,
				18BAE7C32403B673008A3769 /* CoreDataManager.swift */,
				187D296C2403D5EC0039C63D /* Logger.swift */,
				18BAE7B22403B46C008A3769 /* LaunchScreen.storyboard */,
				18BAE7B52403B46C008A3769 /* Info.plist */,
				18BAE7AD2403B469008A3769 /* PhotoCollection.xcdatamodeld */,
				187D296A2403D5590039C63D /* CommonUtilities.swift */,
				187D29742403FBE40039C63D /* UIView+Extension.swift */,
				187D29762403FF420039C63D /* String+Extension.swift */,
				187D29722403EFE60039C63D /* NameCollectionViewCell.swift */,
				18AC69DA24050735009C365E /* ContactTableViewCell.swift */,
			);
			path = PhotoCollection;
			sourceTree = "<group>";
		};
/* End PBXGroup section */

/* Begin PBXNativeTarget section */
		18BAE7A02403B469008A3769 /* PhotoCollection */ = {
			isa = PBXNativeTarget;
			buildConfigurationList = 18BAE7B82403B46C008A3769 /* Build configuration list for PBXNativeTarget "PhotoCollection" */;
			buildPhases = (
				18BAE79D2403B469008A3769 /* Sources */,
				18BAE79E2403B469008A3769 /* Frameworks */,
				18BAE79F2403B469008A3769 /* Resources */,
			);
			buildRules = (
			);
			dependencies = (
			);
			name = PhotoCollection;
			productName = PhotoCollection;
			productReference = 18BAE7A12403B469008A3769 /* PhotoCollection.app */;
			productType = "com.apple.product-type.application";
		};
/* End PBXNativeTarget section */

/* Begin PBXProject section */
		18BAE7992403B469008A3769 /* Project object */ = {
			isa = PBXProject;
			attributes = {
				LastSwiftUpdateCheck = 1120;
				LastUpgradeCheck = 1120;
				ORGANIZATIONNAME = Apple;
				TargetAttributes = {
					18BAE7A02403B469008A3769 = {
						CreatedOnToolsVersion = 11.2.1;
					};
				};
			};
			buildConfigurationList = 18BAE79C2403B469008A3769 /* Build configuration list for PBXProject "PhotoCollection" */;
			compatibilityVersion = "Xcode 9.3";
			developmentRegion = en;
			hasScannedForEncodings = 0;
			knownRegions = (
				en,
				Base,
			);
			mainGroup = 18BAE7982403B469008A3769;
			productRefGroup = 18BAE7A22403B469008A3769 /* Products */;
			projectDirPath = "";
			projectRoot = "";
			targets = (
				18BAE7A02403B469008A3769 /* PhotoCollection */,
			);
		};
/* End PBXProject section */

/* Begin PBXResourcesBuildPhase section */
		18BAE79F2403B469008A3769 /* Resources */ = {
			isa = PBXResourcesBuildPhase;
			buildActionMask = 2147483647;
			files = (
				18BAE7B42403B46C008A3769 /* LaunchScreen.storyboard in Resources */,
				18BAE7B12403B46C008A3769 /* Assets.xcassets in Resources */,
				18BAE7AC2403B469008A3769 /* Main.storyboard in Resources */,
			);
			runOnlyForDeploymentPostprocessing = 0;
		};
/* End PBXResourcesBuildPhase section */

/* Begin PBXSourcesBuildPhase section */
		18BAE79D2403B469008A3769 /* Sources */ = {
			isa = PBXSourcesBuildPhase;
			buildActionMask = 2147483647;
			files = (
				18BAE7A92403B469008A3769 /* ViewController.swift in Sources */,
				18BAE7A52403B469008A3769 /* AppDelegate.swift in Sources */,
				187D296B2403D5590039C63D /* CommonUtilities.swift in Sources */,
				18AC69D9240504C9009C365E /* PhoneContact.swift in Sources */,
				187D296F2403E3770039C63D /* UICollectionViewExtension.swift in Sources */,
				18BAE7AF2403B469008A3769 /* PhotoCollection.xcdatamodeld in Sources */,
				187D29642403CE550039C63D /* List+CoreDataClass.swift in Sources */,
				187D29652403CE550039C63D /* List+CoreDataProperties.swift in Sources */,
				187D296D2403D5ED0039C63D /* Logger.swift in Sources */,
				187D29752403FBE40039C63D /* UIView+Extension.swift in Sources */,
				187D29622403CE550039C63D /* Image+CoreDataClass.swift in Sources */,
				187D29732403EFE60039C63D /* NameCollectionViewCell.swift in Sources */,
				18BAE7A72403B469008A3769 /* SceneDelegate.swift in Sources */,
				18BAE7C42403B673008A3769 /* CoreDataManager.swift in Sources */,
				187D29772403FF420039C63D /* String+Extension.swift in Sources */,
				187D29632403CE550039C63D /* Image+CoreDataProperties.swift in Sources */,
				18AC69DB24050735009C365E /* ContactTableViewCell.swift in Sources */,
			);
			runOnlyForDeploymentPostprocessing = 0;
		};
/* End PBXSourcesBuildPhase section */

/* Begin PBXVariantGroup section */
		18BAE7AA2403B469008A3769 /* Main.storyboard */ = {
			isa = PBXVariantGroup;
			children = (
				18BAE7AB2403B469008A3769 /* Base */,
			);
			name = Main.storyboard;
			sourceTree = "<group>";
		};
		18BAE7B22403B46C008A3769 /* LaunchScreen.storyboard */ = {
			isa = PBXVariantGroup;
			children = (
				18BAE7B32403B46C008A3769 /* Base */,
			);
			name = LaunchScreen.storyboard;
			sourceTree = "<group>";
		};
/* End PBXVariantGroup section */

/* Begin XCBuildConfiguration section */
		18BAE7B62403B46C008A3769 /* Debug */ = {
			isa = XCBuildConfiguration;
			buildSettings = {
				ALWAYS_SEARCH_USER_PATHS = NO;
				CLANG_ANALYZER_NONNULL = YES;
				CLANG_ANALYZER_NUMBER_OBJECT_CONVERSION = YES_AGGRESSIVE;
				CLANG_CXX_LANGUAGE_STANDARD = "gnu++14";
				CLANG_CXX_LIBRARY = "libc++";
				CLANG_ENABLE_MODULES = YES;
				CLANG_ENABLE_OBJC_ARC = YES;
				CLANG_ENABLE_OBJC_WEAK = YES;
				CLANG_WARN_BLOCK_CAPTURE_AUTORELEASING = YES;
				CLANG_WARN_BOOL_CONVERSION = YES;
				CLANG_WARN_COMMA = YES;
				CLANG_WARN_CONSTANT_CONVERSION = YES;
				CLANG_WARN_DEPRECATED_OBJC_IMPLEMENTATIONS = YES;
				CLANG_WARN_DIRECT_OBJC_ISA_USAGE = YES_ERROR;
				CLANG_WARN_DOCUMENTATION_COMMENTS = YES;
				CLANG_WARN_EMPTY_BODY = YES;
				CLANG_WARN_ENUM_CONVERSION = YES;
				CLANG_WARN_INFINITE_RECURSION = YES;
				CLANG_WARN_INT_CONVERSION = YES;
				CLANG_WARN_NON_LITERAL_NULL_CONVERSION = YES;
				CLANG_WARN_OBJC_IMPLICIT_RETAIN_SELF = YES;
				CLANG_WARN_OBJC_LITERAL_CONVERSION = YES;
				CLANG_WARN_OBJC_ROOT_CLASS = YES_ERROR;
				CLANG_WARN_RANGE_LOOP_ANALYSIS = YES;
				CLANG_WARN_STRICT_PROTOTYPES = YES;
				CLANG_WARN_SUSPICIOUS_MOVE = YES;
				CLANG_WARN_UNGUARDED_AVAILABILITY = YES_AGGRESSIVE;
				CLANG_WARN_UNREACHABLE_CODE = YES;
				CLANG_WARN__DUPLICATE_METHOD_MATCH = YES;
				COPY_PHASE_STRIP = NO;
				DEBUG_INFORMATION_FORMAT = dwarf;
				ENABLE_STRICT_OBJC_MSGSEND = YES;
				ENABLE_TESTABILITY = YES;
				GCC_C_LANGUAGE_STANDARD = gnu11;
				GCC_DYNAMIC_NO_PIC = NO;
				GCC_NO_COMMON_BLOCKS = YES;
				GCC_OPTIMIZATION_LEVEL = 0;
				GCC_PREPROCESSOR_DEFINITIONS = (
					"DEBUG=1",
					"$(inherited)",
				);
				GCC_WARN_64_TO_32_BIT_CONVERSION = YES;
				GCC_WARN_ABOUT_RETURN_TYPE = YES_ERROR;
				GCC_WARN_UNDECLARED_SELECTOR = YES;
				GCC_WARN_UNINITIALIZED_AUTOS = YES_AGGRESSIVE;
				GCC_WARN_UNUSED_FUNCTION = YES;
				GCC_WARN_UNUSED_VARIABLE = YES;
				IPHONEOS_DEPLOYMENT_TARGET = 13.2;
				MTL_ENABLE_DEBUG_INFO = INCLUDE_SOURCE;
				MTL_FAST_MATH = YES;
				ONLY_ACTIVE_ARCH = YES;
				SDKROOT = iphoneos;
				SWIFT_ACTIVE_COMPILATION_CONDITIONS = DEBUG;
				SWIFT_OPTIMIZATION_LEVEL = "-Onone";
			};
			name = Debug;
		};
		18BAE7B72403B46C008A3769 /* Release */ = {
			isa = XCBuildConfiguration;
			buildSettings = {
				ALWAYS_SEARCH_USER_PATHS = NO;
				CLANG_ANALYZER_NONNULL = YES;
				CLANG_ANALYZER_NUMBER_OBJECT_CONVERSION = YES_AGGRESSIVE;
				CLANG_CXX_LANGUAGE_STANDARD = "gnu++14";
				CLANG_CXX_LIBRARY = "libc++";
				CLANG_ENABLE_MODULES = YES;
				CLANG_ENABLE_OBJC_ARC = YES;
				CLANG_ENABLE_OBJC_WEAK = YES;
				CLANG_WARN_BLOCK_CAPTURE_AUTORELEASING = YES;
				CLANG_WARN_BOOL_CONVERSION = YES;
				CLANG_WARN_COMMA = YES;
				CLANG_WARN_CONSTANT_CONVERSION = YES;
				CLANG_WARN_DEPRECATED_OBJC_IMPLEMENTATIONS = YES;
				CLANG_WARN_DIRECT_OBJC_ISA_USAGE = YES_ERROR;
				CLANG_WARN_DOCUMENTATION_COMMENTS = YES;
				CLANG_WARN_EMPTY_BODY = YES;
				CLANG_WARN_ENUM_CONVERSION = YES;
				CLANG_WARN_INFINITE_RECURSION = YES;
				CLANG_WARN_INT_CONVERSION = YES;
				CLANG_WARN_NON_LITERAL_NULL_CONVERSION = YES;
				CLANG_WARN_OBJC_IMPLICIT_RETAIN_SELF = YES;
				CLANG_WARN_OBJC_LITERAL_CONVERSION = YES;
				CLANG_WARN_OBJC_ROOT_CLASS = YES_ERROR;
				CLANG_WARN_RANGE_LOOP_ANALYSIS = YES;
				CLANG_WARN_STRICT_PROTOTYPES = YES;
				CLANG_WARN_SUSPICIOUS_MOVE = YES;
				CLANG_WARN_UNGUARDED_AVAILABILITY = YES_AGGRESSIVE;
				CLANG_WARN_UNREACHABLE_CODE = YES;
				CLANG_WARN__DUPLICATE_METHOD_MATCH = YES;
				COPY_PHASE_STRIP = NO;
				DEBUG_INFORMATION_FORMAT = "dwarf-with-dsym";
				ENABLE_NS_ASSERTIONS = NO;
				ENABLE_STRICT_OBJC_MSGSEND = YES;
				GCC_C_LANGUAGE_STANDARD = gnu11;
				GCC_NO_COMMON_BLOCKS = YES;
				GCC_WARN_64_TO_32_BIT_CONVERSION = YES;
				GCC_WARN_ABOUT_RETURN_TYPE = YES_ERROR;
				GCC_WARN_UNDECLARED_SELECTOR = YES;
				GCC_WARN_UNINITIALIZED_AUTOS = YES_AGGRESSIVE;
				GCC_WARN_UNUSED_FUNCTION = YES;
				GCC_WARN_UNUSED_VARIABLE = YES;
				IPHONEOS_DEPLOYMENT_TARGET = 13.2;
				MTL_ENABLE_DEBUG_INFO = NO;
				MTL_FAST_MATH = YES;
				SDKROOT = iphoneos;
				SWIFT_COMPILATION_MODE = wholemodule;
				SWIFT_OPTIMIZATION_LEVEL = "-O";
				VALIDATE_PRODUCT = YES;
			};
			name = Release;
		};
		18BAE7B92403B46C008A3769 /* Debug */ = {
			isa = XCBuildConfiguration;
			buildSettings = {
				ASSETCATALOG_COMPILER_APPICON_NAME = AppIcon;
				CODE_SIGN_STYLE = Automatic;
				DEVELOPMENT_TEAM = BN23SZEKV6;
				INFOPLIST_FILE = PhotoCollection/Info.plist;
				LD_RUNPATH_SEARCH_PATHS = (
					"$(inherited)",
					"@executable_path/Frameworks",
				);
				PRODUCT_BUNDLE_IDENTIFIER = Noti.PhotoCollection;
				PRODUCT_NAME = "$(TARGET_NAME)";
				SWIFT_VERSION = 5.0;
				TARGETED_DEVICE_FAMILY = "1,2";
			};
			name = Debug;
		};
		18BAE7BA2403B46C008A3769 /* Release */ = {
			isa = XCBuildConfiguration;
			buildSettings = {
				ASSETCATALOG_COMPILER_APPICON_NAME = AppIcon;
				CODE_SIGN_STYLE = Automatic;
				DEVELOPMENT_TEAM = BN23SZEKV6;
				INFOPLIST_FILE = PhotoCollection/Info.plist;
				LD_RUNPATH_SEARCH_PATHS = (
					"$(inherited)",
					"@executable_path/Frameworks",
				);
				PRODUCT_BUNDLE_IDENTIFIER = Noti.PhotoCollection;
				PRODUCT_NAME = "$(TARGET_NAME)";
				SWIFT_VERSION = 5.0;
				TARGETED_DEVICE_FAMILY = "1,2";
			};
			name = Release;
		};
/* End XCBuildConfiguration section */

/* Begin XCConfigurationList section */
		18BAE79C2403B469008A3769 /* Build configuration list for PBXProject "PhotoCollection" */ = {
			isa = XCConfigurationList;
			buildConfigurations = (
				18BAE7B62403B46C008A3769 /* Debug */,
				18BAE7B72403B46C008A3769 /* Release */,
			);
			defaultConfigurationIsVisible = 0;
			defaultConfigurationName = Release;
		};
		18BAE7B82403B46C008A3769 /* Build configuration list for PBXNativeTarget "PhotoCollection" */ = {
			isa = XCConfigurationList;
			buildConfigurations = (
				18BAE7B92403B46C008A3769 /* Debug */,
				18BAE7BA2403B46C008A3769 /* Release */,
			);
			defaultConfigurationIsVisible = 0;
			defaultConfigurationName = Release;
		};
/* End XCConfigurationList section */

/* Begin XCVersionGroup section */
		18BAE7AD2403B469008A3769 /* PhotoCollection.xcdatamodeld */ = {
			isa = XCVersionGroup;
			children = (
				18BAE7AE2403B469008A3769 /* PhotoCollection.xcdatamodel */,
			);
			currentVersion = 18BAE7AE2403B469008A3769 /* PhotoCollection.xcdatamodel */;
			path = PhotoCollection.xcdatamodeld;
			sourceTree = "<group>";
			versionGroupType = wrapper.xcdatamodel;
		};
/* End XCVersionGroup section */
	};
	rootObject = 18BAE7992403B469008A3769 /* Project object */;
}
